
Microsoft Visual Studio Solution File, Format Version 12.00
# Visual Studio 2013
VisualStudioVersion = 12.0.40629.0
MinimumVisualStudioVersion = 10.0.40219.1
Project("{FAE04EC0-301F-11D3-BF4B-00C04F79EFBC}") = "PieVerse.Web", "PieVerse.Web\PieVerse.Web.csproj", "{0503FB82-0E46-4A54-9802-61304FD6E314}"
EndProject
Project("{FAE04EC0-301F-11D3-BF4B-00C04F79EFBC}") = "PieVerse.BLL", "PieVerse.BLL\PieVerse.BLL.csproj", "{401E59D8-876D-4A07-A34F-B48B30020953}"
EndProject
Project("{FAE04EC0-301F-11D3-BF4B-00C04F79EFBC}") = "PieVerse.DAL", "PieVerse.DAL\PieVerse.DAL.csproj", "{FFE189CA-CE9F-4A62-8AC5-C8174C025B7D}"
EndProject
Project("{FAE04EC0-301F-11D3-BF4B-00C04F79EFBC}") = "PieVerse.DomainModel", "PieVerse.DomainModel\PieVerse.DomainModel.csproj", "{1E806EF4-92D4-4CA4-8BD9-6B4F18A55F0E}"
EndProject
Global
	GlobalSection(SolutionConfigurationPlatforms) = preSolution
		Debug|Any CPU = Debug|Any CPU
		Release|Any CPU = Release|Any CPU
	EndGlobalSection
	GlobalSection(ProjectConfigurationPlatforms) = postSolution
		{0503FB82-0E46-4A54-9802-61304FD6E314}.Debug|Any CPU.ActiveCfg = Debug|Any CPU
		{0503FB82-0E46-4A54-9802-61304FD6E314}.Debug|Any CPU.Build.0 = Debug|Any CPU
		{0503FB82-0E46-4A54-9802-61304FD6E314}.Release|Any CPU.ActiveCfg = Release|Any CPU
		{0503FB82-0E46-4A54-9802-61304FD6E314}.Release|Any CPU.Build.0 = Release|Any CPU
		{401E59D8-876D-4A07-A34F-B48B30020953}.Debug|Any CPU.ActiveCfg = Debug|Any CPU
		{401E59D8-876D-4A07-A34F-B48B30020953}.Debug|Any CPU.Build.0 = Debug|Any CPU
		{401E59D8-876D-4A07-A34F-B48B30020953}.Release|Any CPU.ActiveCfg = Release|Any CPU
		{401E59D8-876D-4A07-A34F-B48B30020953}.Release|Any CPU.Build.0 = Release|Any CPU
		{FFE189CA-CE9F-4A62-8AC5-C8174C025B7D}.Debug|Any CPU.ActiveCfg = Debug|Any CPU
		{FFE189CA-CE9F-4A62-8AC5-C8174C025B7D}.Debug|Any CPU.Build.0 = Debug|Any CPU
		{FFE189CA-CE9F-4A62-8AC5-C8174C025B7D}.Release|Any CPU.ActiveCfg = Release|Any CPU
		{FFE189CA-CE9F-4A62-8AC5-C8174C025B7D}.Release|Any CPU.Build.0 = Release|Any CPU
		{1E806EF4-92D4-4CA4-8BD9-6B4F18A55F0E}.Debug|Any CPU.ActiveCfg = Debug|Any CPU
		{1E806EF4-92D4-4CA4-8BD9-6B4F18A55F0E}.Debug|Any CPU.Build.0 = Debug|Any CPU
		{1E806EF4-92D4-4CA4-8BD9-6B4F18A55F0E}.Release|Any CPU.ActiveCfg = Release|Any CPU
		{1E806EF4-92D4-4CA4-8BD9-6B4F18A55F0E}.Release|Any CPU.Build.0 = Release|Any CPU
	EndGlobalSection
	GlobalSection(SolutionProperties) = preSolution
		HideSolutionNode = FALSE
	EndGlobalSection
EndGlobal
